// !$*UTF8*$!
{
	archiveVersion = 1;
	classes = {
	};
	objectVersion = 46;
	objects = {

/* Begin PBXBuildFile section */
		070A887A13FD46DF00530FBD /* NSObject+SBJson.m in Sources */ = {isa = PBXBuildFile; fileRef = 070A886413FD46DF00530FBD /* NSObject+SBJson.m */; };
		070A887B13FD46DF00530FBD /* SBJsonParser.m in Sources */ = {isa = PBXBuildFile; fileRef = 070A886713FD46DF00530FBD /* SBJsonParser.m */; };
		070A887C13FD46DF00530FBD /* SBJsonStreamParser.m in Sources */ = {isa = PBXBuildFile; fileRef = 070A886913FD46DF00530FBD /* SBJsonStreamParser.m */; };
		070A887D13FD46DF00530FBD /* SBJsonStreamParserAccumulator.m in Sources */ = {isa = PBXBuildFile; fileRef = 070A886B13FD46DF00530FBD /* SBJsonStreamParserAccumulator.m */; };
		070A887E13FD46DF00530FBD /* SBJsonStreamParserState.m in Sources */ = {isa = PBXBuildFile; fileRef = 070A886D13FD46DF00530FBD /* SBJsonStreamParserState.m */; };
		070A887F13FD46DF00530FBD /* SBJsonStreamWriter.m in Sources */ = {isa = PBXBuildFile; fileRef = 070A886F13FD46DF00530FBD /* SBJsonStreamWriter.m */; };
		070A888013FD46DF00530FBD /* SBJsonStreamWriterAccumulator.m in Sources */ = {isa = PBXBuildFile; fileRef = 070A887113FD46DF00530FBD /* SBJsonStreamWriterAccumulator.m */; };
		070A888113FD46DF00530FBD /* SBJsonStreamWriterState.m in Sources */ = {isa = PBXBuildFile; fileRef = 070A887313FD46DF00530FBD /* SBJsonStreamWriterState.m */; };
		070A888213FD46DF00530FBD /* SBJsonTokeniser.m in Sources */ = {isa = PBXBuildFile; fileRef = 070A887513FD46DF00530FBD /* SBJsonTokeniser.m */; };
		070A888313FD46DF00530FBD /* SBJsonUTF8Stream.m in Sources */ = {isa = PBXBuildFile; fileRef = 070A887713FD46DF00530FBD /* SBJsonUTF8Stream.m */; };
		070A888413FD46DF00530FBD /* SBJsonWriter.m in Sources */ = {isa = PBXBuildFile; fileRef = 070A887913FD46DF00530FBD /* SBJsonWriter.m */; };
		070A888D13FD478500530FBD /* OCRTextViewController.m in Sources */ = {isa = PBXBuildFile; fileRef = 070A888B13FD478500530FBD /* OCRTextViewController.m */; };
		070A888E13FD478500530FBD /* OCRTextViewController.xib in Resources */ = {isa = PBXBuildFile; fileRef = 070A888C13FD478500530FBD /* OCRTextViewController.xib */; };
		070A889713FD480B00530FBD /* NSMutableDictionary+ImageMetadata.m in Sources */ = {isa = PBXBuildFile; fileRef = 070A889613FD480B00530FBD /* NSMutableDictionary+ImageMetadata.m */; };
		070A889B13FD482300530FBD /* NSData+Base64.m in Sources */ = {isa = PBXBuildFile; fileRef = 070A889A13FD482300530FBD /* NSData+Base64.m */; };
		070A88A713FD488C00530FBD /* GTMNSString+HTML.m in Sources */ = {isa = PBXBuildFile; fileRef = 070A88A413FD488C00530FBD /* GTMNSString+HTML.m */; };
		070A88A813FD488C00530FBD /* NSString+HTML.m in Sources */ = {isa = PBXBuildFile; fileRef = 070A88A613FD488C00530FBD /* NSString+HTML.m */; };
		070AF6E4143DED030055C512 /* Langcodes.m in Sources */ = {isa = PBXBuildFile; fileRef = 070AF6E3143DED030055C512 /* Langcodes.m */; };
		07470EF2141F335900D27427 /* LanguageSelectController.m in Sources */ = {isa = PBXBuildFile; fileRef = 07470EF0141F335900D27427 /* LanguageSelectController.m */; };
		07470EF3141F335900D27427 /* LanguageSelectController.xib in Resources */ = {isa = PBXBuildFile; fileRef = 07470EF1141F335900D27427 /* LanguageSelectController.xib */; };
		074E06C3142730040046255D /* Icon.png in Resources */ = {isa = PBXBuildFile; fileRef = 074E06C2142730040046255D /* Icon.png */; };
		074E06C51427300B0046255D /* Icon@2x.png in Resources */ = {isa = PBXBuildFile; fileRef = 074E06C41427300B0046255D /* Icon@2x.png */; };
		074E06C7142730130046255D /* Icon-72.png in Resources */ = {isa = PBXBuildFile; fileRef = 074E06C6142730130046255D /* Icon-72.png */; };
		0758DA1D13FD3B8400588D77 /* CoreLocation.framework in Frameworks */ = {isa = PBXBuildFile; fileRef = 0758DA1C13FD3B8400588D77 /* CoreLocation.framework */; };
		0758DA1F13FD3D9300588D77 /* ImageIO.framework in Frameworks */ = {isa = PBXBuildFile; fileRef = 0758DA1E13FD3D9300588D77 /* ImageIO.framework */; };
		0758DA2113FD3DBC00588D77 /* CoreMedia.framework in Frameworks */ = {isa = PBXBuildFile; fileRef = 0758DA2013FD3DBC00588D77 /* CoreMedia.framework */; };
		075EB1F6145FF4D4002E199A /* TicketManager.m in Sources */ = {isa = PBXBuildFile; fileRef = 075EB1F5145FF4D4002E199A /* TicketManager.m */; };
		075EB1FD14609774002E199A /* StoreKit.framework in Frameworks */ = {isa = PBXBuildFile; fileRef = 075EB1FC14609774002E199A /* StoreKit.framework */; };
		076F589313FD0834004C3704 /* AssetsLibrary.framework in Frameworks */ = {isa = PBXBuildFile; fileRef = 076F589213FD0834004C3704 /* AssetsLibrary.framework */; };
		0782B3F71403CAAA006297BC /* CameraToolbarController.m in Sources */ = {isa = PBXBuildFile; fileRef = 0782B3F51403CAAA006297BC /* CameraToolbarController.m */; };
		0782B3F81403CAAA006297BC /* CameraToolbarController.xib in Resources */ = {isa = PBXBuildFile; fileRef = 0782B3F61403CAAA006297BC /* CameraToolbarController.xib */; };
		0785F05713F52E8B0061368A /* DDXMLElementAdditions.m in Sources */ = {isa = PBXBuildFile; fileRef = 0785F04413F52E8B0061368A /* DDXMLElementAdditions.m */; };
		0785F05813F52E8B0061368A /* DDXMLDocument+HTML.m in Sources */ = {isa = PBXBuildFile; fileRef = 0785F04813F52E8B0061368A /* DDXMLDocument+HTML.m */; };
		0785F05913F52E8B0061368A /* DDXMLNode+HTML.m in Sources */ = {isa = PBXBuildFile; fileRef = 0785F04A13F52E8B0061368A /* DDXMLNode+HTML.m */; };
		0785F05A13F52E8B0061368A /* NSString+DDXML.m in Sources */ = {isa = PBXBuildFile; fileRef = 0785F04C13F52E8B0061368A /* NSString+DDXML.m */; };
		0785F05B13F52E8B0061368A /* README.markdown in Resources */ = {isa = PBXBuildFile; fileRef = 0785F04D13F52E8B0061368A /* README.markdown */; };
		0785F05C13F52E8B0061368A /* DDXMLDocument.m in Sources */ = {isa = PBXBuildFile; fileRef = 0785F05013F52E8B0061368A /* DDXMLDocument.m */; };
		0785F05D13F52E8B0061368A /* DDXMLElement.m in Sources */ = {isa = PBXBuildFile; fileRef = 0785F05213F52E8B0061368A /* DDXMLElement.m */; };
		0785F05E13F52E8B0061368A /* DDXMLNode.m in Sources */ = {isa = PBXBuildFile; fileRef = 0785F05413F52E8B0061368A /* DDXMLNode.m */; };
		0785F06113F532D30061368A /* libxml2.dylib in Frameworks */ = {isa = PBXBuildFile; fileRef = 0785F06013F532D30061368A /* libxml2.dylib */; };
		078A6B811420F0C100EEE773 /* Settings.bundle in Resources */ = {isa = PBXBuildFile; fileRef = 078A6B801420F0C100EEE773 /* Settings.bundle */; };
		079A0B00143DF76600EF86CE /* ISO-639-2_utf-8.txt in Resources */ = {isa = PBXBuildFile; fileRef = 079A0AFF143DF76600EF86CE /* ISO-639-2_utf-8.txt */; };
		07CED3E013FBE07D00123A32 /* GoogleTranslateAPILang.map in Resources */ = {isa = PBXBuildFile; fileRef = 07CED3DF13FBE07D00123A32 /* GoogleTranslateAPILang.map */; };
		07CFE83D142A1BCE005354F7 /* README.txt in Resources */ = {isa = PBXBuildFile; fileRef = 07CFE83C142A1BCE005354F7 /* README.txt */; };
		07D1E81013FF093800903DE7 /* ImagePickerCropController.m in Sources */ = {isa = PBXBuildFile; fileRef = 07D1E80E13FF093800903DE7 /* ImagePickerCropController.m */; };
		07D1E81113FF093800903DE7 /* ImagePickerCropController.xib in Resources */ = {isa = PBXBuildFile; fileRef = 07D1E80F13FF093800903DE7 /* ImagePickerCropController.xib */; };
		07D1E86814028D6B00903DE7 /* ImageCropView.m in Sources */ = {isa = PBXBuildFile; fileRef = 07D1E86714028D6B00903DE7 /* ImageCropView.m */; };
		07D1E86C14028DB000903DE7 /* ImageCropViewController.m in Sources */ = {isa = PBXBuildFile; fileRef = 07D1E86A14028DB000903DE7 /* ImageCropViewController.m */; };
		07D1E86D14028DB000903DE7 /* ImageCropViewController.xib in Resources */ = {isa = PBXBuildFile; fileRef = 07D1E86B14028DB000903DE7 /* ImageCropViewController.xib */; };
		07D2A88013F3E79700A5E60D /* UIKit.framework in Frameworks */ = {isa = PBXBuildFile; fileRef = 07D2A87F13F3E79700A5E60D /* UIKit.framework */; };
		07D2A88213F3E79700A5E60D /* Foundation.framework in Frameworks */ = {isa = PBXBuildFile; fileRef = 07D2A88113F3E79700A5E60D /* Foundation.framework */; };
		07D2A88413F3E79700A5E60D /* CoreGraphics.framework in Frameworks */ = {isa = PBXBuildFile; fileRef = 07D2A88313F3E79700A5E60D /* CoreGraphics.framework */; };
		07D2A88A13F3E79700A5E60D /* InfoPlist.strings in Resources */ = {isa = PBXBuildFile; fileRef = 07D2A88813F3E79700A5E60D /* InfoPlist.strings */; };
		07D2A88C13F3E79700A5E60D /* main.m in Sources */ = {isa = PBXBuildFile; fileRef = 07D2A88B13F3E79700A5E60D /* main.m */; };
		07D2A89013F3E79700A5E60D /* CamLingualAppDelegate.m in Sources */ = {isa = PBXBuildFile; fileRef = 07D2A88F13F3E79700A5E60D /* CamLingualAppDelegate.m */; };
		07D2A89313F3E79700A5E60D /* MainWindow.xib in Resources */ = {isa = PBXBuildFile; fileRef = 07D2A89113F3E79700A5E60D /* MainWindow.xib */; };
		07D2A89613F3E79700A5E60D /* CamLingualViewController.m in Sources */ = {isa = PBXBuildFile; fileRef = 07D2A89513F3E79700A5E60D /* CamLingualViewController.m */; };
		07D2A89913F3E79700A5E60D /* CamLingualViewController.xib in Resources */ = {isa = PBXBuildFile; fileRef = 07D2A89713F3E79700A5E60D /* CamLingualViewController.xib */; };
		07D2A8A113F3E79700A5E60D /* SenTestingKit.framework in Frameworks */ = {isa = PBXBuildFile; fileRef = 07D2A8A013F3E79700A5E60D /* SenTestingKit.framework */; };
		07D2A8A213F3E79700A5E60D /* UIKit.framework in Frameworks */ = {isa = PBXBuildFile; fileRef = 07D2A87F13F3E79700A5E60D /* UIKit.framework */; };
		07D2A8A313F3E79700A5E60D /* Foundation.framework in Frameworks */ = {isa = PBXBuildFile; fileRef = 07D2A88113F3E79700A5E60D /* Foundation.framework */; };
		07D2A8A413F3E79700A5E60D /* CoreGraphics.framework in Frameworks */ = {isa = PBXBuildFile; fileRef = 07D2A88313F3E79700A5E60D /* CoreGraphics.framework */; };
		07D2A8AC13F3E79700A5E60D /* InfoPlist.strings in Resources */ = {isa = PBXBuildFile; fileRef = 07D2A8AA13F3E79700A5E60D /* InfoPlist.strings */; };
		07D2A8AE13F3E79700A5E60D /* CamLingualTests.h in Resources */ = {isa = PBXBuildFile; fileRef = 07D2A8AD13F3E79700A5E60D /* CamLingualTests.h */; };
		07D2A8B013F3E79700A5E60D /* CamLingualTests.m in Sources */ = {isa = PBXBuildFile; fileRef = 07D2A8AF13F3E79700A5E60D /* CamLingualTests.m */; };
		07D2A8BC13F3E7B700A5E60D /* MainWindow-iPad.xib in Resources */ = {isa = PBXBuildFile; fileRef = 07D2A8BA13F3E7B700A5E60D /* MainWindow-iPad.xib */; };
		07D2A8C313F40C0800A5E60D /* OCRWebService.m in Sources */ = {isa = PBXBuildFile; fileRef = 07D2A8C213F40C0800A5E60D /* OCRWebService.m */; };
		07D2A8C513F40D5100A5E60D /* OCRWebServiceAvailablePages-request-template.xml in Resources */ = {isa = PBXBuildFile; fileRef = 07D2A8C413F40D5100A5E60D /* OCRWebServiceAvailablePages-request-template.xml */; };
		07D2A8C713F40E2B00A5E60D /* OCRWebServiceRecognize-request-template.xml in Resources */ = {isa = PBXBuildFile; fileRef = 07D2A8C613F40E2B00A5E60D /* OCRWebServiceRecognize-request-template.xml */; };
		07E22EE91427D48500CFF835 /* Icon-Small-50.png in Resources */ = {isa = PBXBuildFile; fileRef = 07E22EE61427D48500CFF835 /* Icon-Small-50.png */; };
		07E22EEA1427D48500CFF835 /* Icon-Small.png in Resources */ = {isa = PBXBuildFile; fileRef = 07E22EE71427D48500CFF835 /* Icon-Small.png */; };
		07E22EEB1427D48500CFF835 /* Icon-Small@2x.png in Resources */ = {isa = PBXBuildFile; fileRef = 07E22EE81427D48500CFF835 /* Icon-Small@2x.png */; };
		07E5C4AB13F9513C008F23FB /* GoogleTranslateAPI.m in Sources */ = {isa = PBXBuildFile; fileRef = 07E5C4AA13F9513C008F23FB /* GoogleTranslateAPI.m */; };
/* End PBXBuildFile section */

/* Begin PBXContainerItemProxy section */
		07D2A8A513F3E79700A5E60D /* PBXContainerItemProxy */ = {
			isa = PBXContainerItemProxy;
			containerPortal = 07D2A87213F3E79700A5E60D /* Project object */;
			proxyType = 1;
			remoteGlobalIDString = 07D2A87A13F3E79700A5E60D;
			remoteInfo = CamLingual;
		};
/* End PBXContainerItemProxy section */

/* Begin PBXFileReference section */
		070A886313FD46DF00530FBD /* NSObject+SBJson.h */ = {isa = PBXFileReference; fileEncoding = 4; lastKnownFileType = sourcecode.c.h; path = "NSObject+SBJson.h"; sourceTree = "<group>"; };
		070A886413FD46DF00530FBD /* NSObject+SBJson.m */ = {isa = PBXFileReference; fileEncoding = 4; lastKnownFileType = sourcecode.c.objc; path = "NSObject+SBJson.m"; sourceTree = "<group>"; };
		070A886513FD46DF00530FBD /* SBJson.h */ = {isa = PBXFileReference; fileEncoding = 4; lastKnownFileType = sourcecode.c.h; path = SBJson.h; sourceTree = "<group>"; };
		070A886613FD46DF00530FBD /* SBJsonParser.h */ = {isa = PBXFileReference; fileEncoding = 4; lastKnownFileType = sourcecode.c.h; path = SBJsonParser.h; sourceTree = "<group>"; };
		070A886713FD46DF00530FBD /* SBJsonParser.m */ = {isa = PBXFileReference; fileEncoding = 4; lastKnownFileType = sourcecode.c.objc; path = SBJsonParser.m; sourceTree = "<group>"; };
		070A886813FD46DF00530FBD /* SBJsonStreamParser.h */ = {isa = PBXFileReference; fileEncoding = 4; lastKnownFileType = sourcecode.c.h; path = SBJsonStreamParser.h; sourceTree = "<group>"; };
		070A886913FD46DF00530FBD /* SBJsonStreamParser.m */ = {isa = PBXFileReference; fileEncoding = 4; lastKnownFileType = sourcecode.c.objc; path = SBJsonStreamParser.m; sourceTree = "<group>"; };
		070A886A13FD46DF00530FBD /* SBJsonStreamParserAccumulator.h */ = {isa = PBXFileReference; fileEncoding = 4; lastKnownFileType = sourcecode.c.h; path = SBJsonStreamParserAccumulator.h; sourceTree = "<group>"; };
		070A886B13FD46DF00530FBD /* SBJsonStreamParserAccumulator.m */ = {isa = PBXFileReference; fileEncoding = 4; lastKnownFileType = sourcecode.c.objc; path = SBJsonStreamParserAccumulator.m; sourceTree = "<group>"; };
		070A886C13FD46DF00530FBD /* SBJsonStreamParserState.h */ = {isa = PBXFileReference; fileEncoding = 4; lastKnownFileType = sourcecode.c.h; path = SBJsonStreamParserState.h; sourceTree = "<group>"; };
		070A886D13FD46DF00530FBD /* SBJsonStreamParserState.m */ = {isa = PBXFileReference; fileEncoding = 4; lastKnownFileType = sourcecode.c.objc; path = SBJsonStreamParserState.m; sourceTree = "<group>"; };
		070A886E13FD46DF00530FBD /* SBJsonStreamWriter.h */ = {isa = PBXFileReference; fileEncoding = 4; lastKnownFileType = sourcecode.c.h; path = SBJsonStreamWriter.h; sourceTree = "<group>"; };
		070A886F13FD46DF00530FBD /* SBJsonStreamWriter.m */ = {isa = PBXFileReference; fileEncoding = 4; lastKnownFileType = sourcecode.c.objc; path = SBJsonStreamWriter.m; sourceTree = "<group>"; };
		070A887013FD46DF00530FBD /* SBJsonStreamWriterAccumulator.h */ = {isa = PBXFileReference; fileEncoding = 4; lastKnownFileType = sourcecode.c.h; path = SBJsonStreamWriterAccumulator.h; sourceTree = "<group>"; };
		070A887113FD46DF00530FBD /* SBJsonStreamWriterAccumulator.m */ = {isa = PBXFileReference; fileEncoding = 4; lastKnownFileType = sourcecode.c.objc; path = SBJsonStreamWriterAccumulator.m; sourceTree = "<group>"; };
		070A887213FD46DF00530FBD /* SBJsonStreamWriterState.h */ = {isa = PBXFileReference; fileEncoding = 4; lastKnownFileType = sourcecode.c.h; path = SBJsonStreamWriterState.h; sourceTree = "<group>"; };
		070A887313FD46DF00530FBD /* SBJsonStreamWriterState.m */ = {isa = PBXFileReference; fileEncoding = 4; lastKnownFileType = sourcecode.c.objc; path = SBJsonStreamWriterState.m; sourceTree = "<group>"; };
		070A887413FD46DF00530FBD /* SBJsonTokeniser.h */ = {isa = PBXFileReference; fileEncoding = 4; lastKnownFileType = sourcecode.c.h; path = SBJsonTokeniser.h; sourceTree = "<group>"; };
		070A887513FD46DF00530FBD /* SBJsonTokeniser.m */ = {isa = PBXFileReference; fileEncoding = 4; lastKnownFileType = sourcecode.c.objc; path = SBJsonTokeniser.m; sourceTree = "<group>"; };
		070A887613FD46DF00530FBD /* SBJsonUTF8Stream.h */ = {isa = PBXFileReference; fileEncoding = 4; lastKnownFileType = sourcecode.c.h; path = SBJsonUTF8Stream.h; sourceTree = "<group>"; };
		070A887713FD46DF00530FBD /* SBJsonUTF8Stream.m */ = {isa = PBXFileReference; fileEncoding = 4; lastKnownFileType = sourcecode.c.objc; path = SBJsonUTF8Stream.m; sourceTree = "<group>"; };
		070A887813FD46DF00530FBD /* SBJsonWriter.h */ = {isa = PBXFileReference; fileEncoding = 4; lastKnownFileType = sourcecode.c.h; path = SBJsonWriter.h; sourceTree = "<group>"; };
		070A887913FD46DF00530FBD /* SBJsonWriter.m */ = {isa = PBXFileReference; fileEncoding = 4; lastKnownFileType = sourcecode.c.objc; path = SBJsonWriter.m; sourceTree = "<group>"; };
		070A888A13FD478500530FBD /* OCRTextViewController.h */ = {isa = PBXFileReference; fileEncoding = 4; lastKnownFileType = sourcecode.c.h; path = OCRTextViewController.h; sourceTree = "<group>"; };
		070A888B13FD478500530FBD /* OCRTextViewController.m */ = {isa = PBXFileReference; fileEncoding = 4; lastKnownFileType = sourcecode.c.objc; path = OCRTextViewController.m; sourceTree = "<group>"; };
		070A888C13FD478500530FBD /* OCRTextViewController.xib */ = {isa = PBXFileReference; fileEncoding = 4; lastKnownFileType = file.xib; path = OCRTextViewController.xib; sourceTree = "<group>"; };
		070A889513FD480B00530FBD /* NSMutableDictionary+ImageMetadata.h */ = {isa = PBXFileReference; fileEncoding = 4; lastKnownFileType = sourcecode.c.h; path = "NSMutableDictionary+ImageMetadata.h"; sourceTree = "<group>"; };
		070A889613FD480B00530FBD /* NSMutableDictionary+ImageMetadata.m */ = {isa = PBXFileReference; fileEncoding = 4; lastKnownFileType = sourcecode.c.objc; path = "NSMutableDictionary+ImageMetadata.m"; sourceTree = "<group>"; };
		070A889913FD482300530FBD /* NSData+Base64.h */ = {isa = PBXFileReference; fileEncoding = 4; lastKnownFileType = sourcecode.c.h; path = "NSData+Base64.h"; sourceTree = "<group>"; };
		070A889A13FD482300530FBD /* NSData+Base64.m */ = {isa = PBXFileReference; fileEncoding = 4; lastKnownFileType = sourcecode.c.objc; path = "NSData+Base64.m"; sourceTree = "<group>"; };
		070A88A213FD488C00530FBD /* GTMDefines.h */ = {isa = PBXFileReference; fileEncoding = 4; lastKnownFileType = sourcecode.c.h; path = GTMDefines.h; sourceTree = "<group>"; };
		070A88A313FD488C00530FBD /* GTMNSString+HTML.h */ = {isa = PBXFileReference; fileEncoding = 4; lastKnownFileType = sourcecode.c.h; path = "GTMNSString+HTML.h"; sourceTree = "<group>"; };
		070A88A413FD488C00530FBD /* GTMNSString+HTML.m */ = {isa = PBXFileReference; fileEncoding = 4; lastKnownFileType = sourcecode.c.objc; path = "GTMNSString+HTML.m"; sourceTree = "<group>"; };
		070A88A513FD488C00530FBD /* NSString+HTML.h */ = {isa = PBXFileReference; fileEncoding = 4; lastKnownFileType = sourcecode.c.h; path = "NSString+HTML.h"; sourceTree = "<group>"; };
		070A88A613FD488C00530FBD /* NSString+HTML.m */ = {isa = PBXFileReference; fileEncoding = 4; lastKnownFileType = sourcecode.c.objc; path = "NSString+HTML.m"; sourceTree = "<group>"; };
		070AF6E2143DED030055C512 /* Langcodes.h */ = {isa = PBXFileReference; fileEncoding = 4; lastKnownFileType = sourcecode.c.h; path = Langcodes.h; sourceTree = "<group>"; };
		070AF6E3143DED030055C512 /* Langcodes.m */ = {isa = PBXFileReference; fileEncoding = 4; lastKnownFileType = sourcecode.c.objc; path = Langcodes.m; sourceTree = "<group>"; };
		07470EEF141F335900D27427 /* LanguageSelectController.h */ = {isa = PBXFileReference; fileEncoding = 4; lastKnownFileType = sourcecode.c.h; path = LanguageSelectController.h; sourceTree = "<group>"; };
		07470EF0141F335900D27427 /* LanguageSelectController.m */ = {isa = PBXFileReference; fileEncoding = 4; lastKnownFileType = sourcecode.c.objc; path = LanguageSelectController.m; sourceTree = "<group>"; };
		07470EF1141F335900D27427 /* LanguageSelectController.xib */ = {isa = PBXFileReference; fileEncoding = 4; lastKnownFileType = file.xib; path = LanguageSelectController.xib; sourceTree = "<group>"; };
		074E06C2142730040046255D /* Icon.png */ = {isa = PBXFileReference; lastKnownFileType = image.png; path = Icon.png; sourceTree = "<group>"; };
		074E06C41427300B0046255D /* Icon@2x.png */ = {isa = PBXFileReference; lastKnownFileType = image.png; path = "Icon@2x.png"; sourceTree = "<group>"; };
		074E06C6142730130046255D /* Icon-72.png */ = {isa = PBXFileReference; lastKnownFileType = image.png; path = "Icon-72.png"; sourceTree = "<group>"; };
		0758DA1C13FD3B8400588D77 /* CoreLocation.framework */ = {isa = PBXFileReference; lastKnownFileType = wrapper.framework; name = CoreLocation.framework; path = System/Library/Frameworks/CoreLocation.framework; sourceTree = SDKROOT; };
		0758DA1E13FD3D9300588D77 /* ImageIO.framework */ = {isa = PBXFileReference; lastKnownFileType = wrapper.framework; name = ImageIO.framework; path = System/Library/Frameworks/ImageIO.framework; sourceTree = SDKROOT; };
		0758DA2013FD3DBC00588D77 /* CoreMedia.framework */ = {isa = PBXFileReference; lastKnownFileType = wrapper.framework; name = CoreMedia.framework; path = System/Library/Frameworks/CoreMedia.framework; sourceTree = SDKROOT; };
		075EB1F4145FF4D4002E199A /* TicketManager.h */ = {isa = PBXFileReference; fileEncoding = 4; lastKnownFileType = sourcecode.c.h; path = TicketManager.h; sourceTree = "<group>"; };
		075EB1F5145FF4D4002E199A /* TicketManager.m */ = {isa = PBXFileReference; fileEncoding = 4; lastKnownFileType = sourcecode.c.objc; path = TicketManager.m; sourceTree = "<group>"; };
		075EB1FC14609774002E199A /* StoreKit.framework */ = {isa = PBXFileReference; lastKnownFileType = wrapper.framework; name = StoreKit.framework; path = System/Library/Frameworks/StoreKit.framework; sourceTree = SDKROOT; };
		076F589213FD0834004C3704 /* AssetsLibrary.framework */ = {isa = PBXFileReference; lastKnownFileType = wrapper.framework; name = AssetsLibrary.framework; path = System/Library/Frameworks/AssetsLibrary.framework; sourceTree = SDKROOT; };
		0782B3F41403CAAA006297BC /* CameraToolbarController.h */ = {isa = PBXFileReference; fileEncoding = 4; lastKnownFileType = sourcecode.c.h; path = CameraToolbarController.h; sourceTree = "<group>"; };
		0782B3F51403CAAA006297BC /* CameraToolbarController.m */ = {isa = PBXFileReference; fileEncoding = 4; lastKnownFileType = sourcecode.c.objc; path = CameraToolbarController.m; sourceTree = "<group>"; };
		0782B3F61403CAAA006297BC /* CameraToolbarController.xib */ = {isa = PBXFileReference; fileEncoding = 4; lastKnownFileType = file.xib; path = CameraToolbarController.xib; sourceTree = "<group>"; };
		0785F04313F52E8B0061368A /* DDXMLElementAdditions.h */ = {isa = PBXFileReference; fileEncoding = 4; lastKnownFileType = sourcecode.c.h; path = DDXMLElementAdditions.h; sourceTree = "<group>"; };
		0785F04413F52E8B0061368A /* DDXMLElementAdditions.m */ = {isa = PBXFileReference; fileEncoding = 4; lastKnownFileType = sourcecode.c.objc; path = DDXMLElementAdditions.m; sourceTree = "<group>"; };
		0785F04613F52E8B0061368A /* DDXML+HTML.h */ = {isa = PBXFileReference; fileEncoding = 4; lastKnownFileType = sourcecode.c.h; path = "DDXML+HTML.h"; sourceTree = "<group>"; };
		0785F04713F52E8B0061368A /* DDXMLDocument+HTML.h */ = {isa = PBXFileReference; fileEncoding = 4; lastKnownFileType = sourcecode.c.h; path = "DDXMLDocument+HTML.h"; sourceTree = "<group>"; };
		0785F04813F52E8B0061368A /* DDXMLDocument+HTML.m */ = {isa = PBXFileReference; fileEncoding = 4; lastKnownFileType = sourcecode.c.objc; path = "DDXMLDocument+HTML.m"; sourceTree = "<group>"; };
		0785F04913F52E8B0061368A /* DDXMLNode+HTML.h */ = {isa = PBXFileReference; fileEncoding = 4; lastKnownFileType = sourcecode.c.h; path = "DDXMLNode+HTML.h"; sourceTree = "<group>"; };
		0785F04A13F52E8B0061368A /* DDXMLNode+HTML.m */ = {isa = PBXFileReference; fileEncoding = 4; lastKnownFileType = sourcecode.c.objc; path = "DDXMLNode+HTML.m"; sourceTree = "<group>"; };
		0785F04B13F52E8B0061368A /* NSString+DDXML.h */ = {isa = PBXFileReference; fileEncoding = 4; lastKnownFileType = sourcecode.c.h; path = "NSString+DDXML.h"; sourceTree = "<group>"; };
		0785F04C13F52E8B0061368A /* NSString+DDXML.m */ = {isa = PBXFileReference; fileEncoding = 4; lastKnownFileType = sourcecode.c.objc; path = "NSString+DDXML.m"; sourceTree = "<group>"; };
		0785F04D13F52E8B0061368A /* README.markdown */ = {isa = PBXFileReference; fileEncoding = 4; lastKnownFileType = text; path = README.markdown; sourceTree = "<group>"; };
		0785F04E13F52E8B0061368A /* DDXML.h */ = {isa = PBXFileReference; fileEncoding = 4; lastKnownFileType = sourcecode.c.h; path = DDXML.h; sourceTree = "<group>"; };
		0785F04F13F52E8B0061368A /* DDXMLDocument.h */ = {isa = PBXFileReference; fileEncoding = 4; lastKnownFileType = sourcecode.c.h; path = DDXMLDocument.h; sourceTree = "<group>"; };
		0785F05013F52E8B0061368A /* DDXMLDocument.m */ = {isa = PBXFileReference; fileEncoding = 4; lastKnownFileType = sourcecode.c.objc; path = DDXMLDocument.m; sourceTree = "<group>"; };
		0785F05113F52E8B0061368A /* DDXMLElement.h */ = {isa = PBXFileReference; fileEncoding = 4; lastKnownFileType = sourcecode.c.h; path = DDXMLElement.h; sourceTree = "<group>"; };
		0785F05213F52E8B0061368A /* DDXMLElement.m */ = {isa = PBXFileReference; fileEncoding = 4; lastKnownFileType = sourcecode.c.objc; path = DDXMLElement.m; sourceTree = "<group>"; };
		0785F05313F52E8B0061368A /* DDXMLNode.h */ = {isa = PBXFileReference; fileEncoding = 4; lastKnownFileType = sourcecode.c.h; path = DDXMLNode.h; sourceTree = "<group>"; };
		0785F05413F52E8B0061368A /* DDXMLNode.m */ = {isa = PBXFileReference; fileEncoding = 4; lastKnownFileType = sourcecode.c.objc; path = DDXMLNode.m; sourceTree = "<group>"; };
		0785F05613F52E8B0061368A /* DDXMLPrivate.h */ = {isa = PBXFileReference; fileEncoding = 4; lastKnownFileType = sourcecode.c.h; path = DDXMLPrivate.h; sourceTree = "<group>"; };
		0785F06013F532D30061368A /* libxml2.dylib */ = {isa = PBXFileReference; lastKnownFileType = "compiled.mach-o.dylib"; name = libxml2.dylib; path = usr/lib/libxml2.dylib; sourceTree = SDKROOT; };
		078A6B801420F0C100EEE773 /* Settings.bundle */ = {isa = PBXFileReference; lastKnownFileType = "wrapper.plug-in"; path = Settings.bundle; sourceTree = "<group>"; };
		079A0AFF143DF76600EF86CE /* ISO-639-2_utf-8.txt */ = {isa = PBXFileReference; fileEncoding = 4; lastKnownFileType = text; path = "ISO-639-2_utf-8.txt"; sourceTree = "<group>"; };
		07CED3DF13FBE07D00123A32 /* GoogleTranslateAPILang.map */ = {isa = PBXFileReference; fileEncoding = 4; lastKnownFileType = text; path = GoogleTranslateAPILang.map; sourceTree = "<group>"; };
		07CFE83C142A1BCE005354F7 /* README.txt */ = {isa = PBXFileReference; fileEncoding = 4; lastKnownFileType = text; path = README.txt; sourceTree = "<group>"; };
		07D1E80D13FF093800903DE7 /* ImagePickerCropController.h */ = {isa = PBXFileReference; fileEncoding = 4; lastKnownFileType = sourcecode.c.h; path = ImagePickerCropController.h; sourceTree = "<group>"; };
		07D1E80E13FF093800903DE7 /* ImagePickerCropController.m */ = {isa = PBXFileReference; fileEncoding = 4; lastKnownFileType = sourcecode.c.objc; path = ImagePickerCropController.m; sourceTree = "<group>"; };
		07D1E80F13FF093800903DE7 /* ImagePickerCropController.xib */ = {isa = PBXFileReference; fileEncoding = 4; lastKnownFileType = file.xib; path = ImagePickerCropController.xib; sourceTree = "<group>"; };
		07D1E86614028D6B00903DE7 /* ImageCropView.h */ = {isa = PBXFileReference; fileEncoding = 4; lastKnownFileType = sourcecode.c.h; path = ImageCropView.h; sourceTree = "<group>"; };
		07D1E86714028D6B00903DE7 /* ImageCropView.m */ = {isa = PBXFileReference; fileEncoding = 4; lastKnownFileType = sourcecode.c.objc; path = ImageCropView.m; sourceTree = "<group>"; };
		07D1E86914028DB000903DE7 /* ImageCropViewController.h */ = {isa = PBXFileReference; fileEncoding = 4; lastKnownFileType = sourcecode.c.h; path = ImageCropViewController.h; sourceTree = "<group>"; };
		07D1E86A14028DB000903DE7 /* ImageCropViewController.m */ = {isa = PBXFileReference; fileEncoding = 4; lastKnownFileType = sourcecode.c.objc; path = ImageCropViewController.m; sourceTree = "<group>"; };
		07D1E86B14028DB000903DE7 /* ImageCropViewController.xib */ = {isa = PBXFileReference; fileEncoding = 4; lastKnownFileType = file.xib; path = ImageCropViewController.xib; sourceTree = "<group>"; };
		07D2A87B13F3E79700A5E60D /* CamLingual.app */ = {isa = PBXFileReference; explicitFileType = wrapper.application; includeInIndex = 0; path = CamLingual.app; sourceTree = BUILT_PRODUCTS_DIR; };
		07D2A87F13F3E79700A5E60D /* UIKit.framework */ = {isa = PBXFileReference; lastKnownFileType = wrapper.framework; name = UIKit.framework; path = System/Library/Frameworks/UIKit.framework; sourceTree = SDKROOT; };
		07D2A88113F3E79700A5E60D /* Foundation.framework */ = {isa = PBXFileReference; lastKnownFileType = wrapper.framework; name = Foundation.framework; path = System/Library/Frameworks/Foundation.framework; sourceTree = SDKROOT; };
		07D2A88313F3E79700A5E60D /* CoreGraphics.framework */ = {isa = PBXFileReference; lastKnownFileType = wrapper.framework; name = CoreGraphics.framework; path = System/Library/Frameworks/CoreGraphics.framework; sourceTree = SDKROOT; };
		07D2A88713F3E79700A5E60D /* CamLingual-Info.plist */ = {isa = PBXFileReference; lastKnownFileType = text.plist.xml; path = "CamLingual-Info.plist"; sourceTree = "<group>"; };
		07D2A88913F3E79700A5E60D /* en */ = {isa = PBXFileReference; lastKnownFileType = text.plist.strings; name = en; path = en.lproj/InfoPlist.strings; sourceTree = "<group>"; };
		07D2A88B13F3E79700A5E60D /* main.m */ = {isa = PBXFileReference; lastKnownFileType = sourcecode.c.objc; path = main.m; sourceTree = "<group>"; };
		07D2A88D13F3E79700A5E60D /* CamLingual-Prefix.pch */ = {isa = PBXFileReference; lastKnownFileType = sourcecode.c.h; path = "CamLingual-Prefix.pch"; sourceTree = "<group>"; };
		07D2A88E13F3E79700A5E60D /* CamLingualAppDelegate.h */ = {isa = PBXFileReference; lastKnownFileType = sourcecode.c.h; path = CamLingualAppDelegate.h; sourceTree = "<group>"; };
		07D2A88F13F3E79700A5E60D /* CamLingualAppDelegate.m */ = {isa = PBXFileReference; lastKnownFileType = sourcecode.c.objc; path = CamLingualAppDelegate.m; sourceTree = "<group>"; };
		07D2A89213F3E79700A5E60D /* en */ = {isa = PBXFileReference; lastKnownFileType = file.xib; name = en; path = en.lproj/MainWindow.xib; sourceTree = "<group>"; };
		07D2A89413F3E79700A5E60D /* CamLingualViewController.h */ = {isa = PBXFileReference; lastKnownFileType = sourcecode.c.h; path = CamLingualViewController.h; sourceTree = "<group>"; };
		07D2A89513F3E79700A5E60D /* CamLingualViewController.m */ = {isa = PBXFileReference; lastKnownFileType = sourcecode.c.objc; path = CamLingualViewController.m; sourceTree = "<group>"; };
		07D2A89813F3E79700A5E60D /* en */ = {isa = PBXFileReference; lastKnownFileType = file.xib; name = en; path = en.lproj/CamLingualViewController.xib; sourceTree = "<group>"; };
		07D2A89F13F3E79700A5E60D /* CamLingualTests.octest */ = {isa = PBXFileReference; explicitFileType = wrapper.cfbundle; includeInIndex = 0; path = CamLingualTests.octest; sourceTree = BUILT_PRODUCTS_DIR; };
		07D2A8A013F3E79700A5E60D /* SenTestingKit.framework */ = {isa = PBXFileReference; lastKnownFileType = wrapper.framework; name = SenTestingKit.framework; path = Library/Frameworks/SenTestingKit.framework; sourceTree = DEVELOPER_DIR; };
		07D2A8A913F3E79700A5E60D /* CamLingualTests-Info.plist */ = {isa = PBXFileReference; lastKnownFileType = text.plist.xml; path = "CamLingualTests-Info.plist"; sourceTree = "<group>"; };
		07D2A8AB13F3E79700A5E60D /* en */ = {isa = PBXFileReference; lastKnownFileType = text.plist.strings; name = en; path = en.lproj/InfoPlist.strings; sourceTree = "<group>"; };
		07D2A8AD13F3E79700A5E60D /* CamLingualTests.h */ = {isa = PBXFileReference; lastKnownFileType = sourcecode.c.h; path = CamLingualTests.h; sourceTree = "<group>"; };
		07D2A8AF13F3E79700A5E60D /* CamLingualTests.m */ = {isa = PBXFileReference; lastKnownFileType = sourcecode.c.objc; path = CamLingualTests.m; sourceTree = "<group>"; };
		07D2A8BB13F3E7B700A5E60D /* en */ = {isa = PBXFileReference; lastKnownFileType = file.xib; name = en; path = "iPad/en.lproj/MainWindow-iPad.xib"; sourceTree = "<group>"; };
		07D2A8C113F40C0800A5E60D /* OCRWebService.h */ = {isa = PBXFileReference; fileEncoding = 4; lastKnownFileType = sourcecode.c.h; path = OCRWebService.h; sourceTree = "<group>"; };
		07D2A8C213F40C0800A5E60D /* OCRWebService.m */ = {isa = PBXFileReference; fileEncoding = 4; lastKnownFileType = sourcecode.c.objc; path = OCRWebService.m; sourceTree = "<group>"; };
		07D2A8C413F40D5100A5E60D /* OCRWebServiceAvailablePages-request-template.xml */ = {isa = PBXFileReference; fileEncoding = 4; lastKnownFileType = text.xml; path = "OCRWebServiceAvailablePages-request-template.xml"; sourceTree = "<group>"; };
		07D2A8C613F40E2B00A5E60D /* OCRWebServiceRecognize-request-template.xml */ = {isa = PBXFileReference; fileEncoding = 4; lastKnownFileType = text.xml; path = "OCRWebServiceRecognize-request-template.xml"; sourceTree = "<group>"; };
		07E22EE61427D48500CFF835 /* Icon-Small-50.png */ = {isa = PBXFileReference; lastKnownFileType = image.png; path = "Icon-Small-50.png"; sourceTree = "<group>"; };
		07E22EE71427D48500CFF835 /* Icon-Small.png */ = {isa = PBXFileReference; lastKnownFileType = image.png; path = "Icon-Small.png"; sourceTree = "<group>"; };
		07E22EE81427D48500CFF835 /* Icon-Small@2x.png */ = {isa = PBXFileReference; lastKnownFileType = image.png; path = "Icon-Small@2x.png"; sourceTree = "<group>"; };
		07E5C4A913F9513C008F23FB /* GoogleTranslateAPI.h */ = {isa = PBXFileReference; fileEncoding = 4; lastKnownFileType = sourcecode.c.h; path = GoogleTranslateAPI.h; sourceTree = "<group>"; };
		07E5C4AA13F9513C008F23FB /* GoogleTranslateAPI.m */ = {isa = PBXFileReference; fileEncoding = 4; lastKnownFileType = sourcecode.c.objc; path = GoogleTranslateAPI.m; sourceTree = "<group>"; };
/* End PBXFileReference section */

/* Begin PBXFrameworksBuildPhase section */
		07D2A87813F3E79700A5E60D /* Frameworks */ = {
			isa = PBXFrameworksBuildPhase;
			buildActionMask = 2147483647;
			files = (
				075EB1FD14609774002E199A /* StoreKit.framework in Frameworks */,
				0758DA2113FD3DBC00588D77 /* CoreMedia.framework in Frameworks */,
				0758DA1F13FD3D9300588D77 /* ImageIO.framework in Frameworks */,
				0758DA1D13FD3B8400588D77 /* CoreLocation.framework in Frameworks */,
				076F589313FD0834004C3704 /* AssetsLibrary.framework in Frameworks */,
				0785F06113F532D30061368A /* libxml2.dylib in Frameworks */,
				07D2A88013F3E79700A5E60D /* UIKit.framework in Frameworks */,
				07D2A88213F3E79700A5E60D /* Foundation.framework in Frameworks */,
				07D2A88413F3E79700A5E60D /* CoreGraphics.framework in Frameworks */,
			);
			runOnlyForDeploymentPostprocessing = 0;
		};
		07D2A89B13F3E79700A5E60D /* Frameworks */ = {
			isa = PBXFrameworksBuildPhase;
			buildActionMask = 2147483647;
			files = (
				07D2A8A113F3E79700A5E60D /* SenTestingKit.framework in Frameworks */,
				07D2A8A213F3E79700A5E60D /* UIKit.framework in Frameworks */,
				07D2A8A313F3E79700A5E60D /* Foundation.framework in Frameworks */,
				07D2A8A413F3E79700A5E60D /* CoreGraphics.framework in Frameworks */,
			);
			runOnlyForDeploymentPostprocessing = 0;
		};
/* End PBXFrameworksBuildPhase section */

/* Begin PBXGroup section */
		070A886213FD46DF00530FBD /* json-framework */ = {
			isa = PBXGroup;
			children = (
				070A886313FD46DF00530FBD /* NSObject+SBJson.h */,
				070A886413FD46DF00530FBD /* NSObject+SBJson.m */,
				070A886513FD46DF00530FBD /* SBJson.h */,
				070A886613FD46DF00530FBD /* SBJsonParser.h */,
				070A886713FD46DF00530FBD /* SBJsonParser.m */,
				070A886813FD46DF00530FBD /* SBJsonStreamParser.h */,
				070A886913FD46DF00530FBD /* SBJsonStreamParser.m */,
				070A886A13FD46DF00530FBD /* SBJsonStreamParserAccumulator.h */,
				070A886B13FD46DF00530FBD /* SBJsonStreamParserAccumulator.m */,
				070A886C13FD46DF00530FBD /* SBJsonStreamParserState.h */,
				070A886D13FD46DF00530FBD /* SBJsonStreamParserState.m */,
				070A886E13FD46DF00530FBD /* SBJsonStreamWriter.h */,
				070A886F13FD46DF00530FBD /* SBJsonStreamWriter.m */,
				070A887013FD46DF00530FBD /* SBJsonStreamWriterAccumulator.h */,
				070A887113FD46DF00530FBD /* SBJsonStreamWriterAccumulator.m */,
				070A887213FD46DF00530FBD /* SBJsonStreamWriterState.h */,
				070A887313FD46DF00530FBD /* SBJsonStreamWriterState.m */,
				070A887413FD46DF00530FBD /* SBJsonTokeniser.h */,
				070A887513FD46DF00530FBD /* SBJsonTokeniser.m */,
				070A887613FD46DF00530FBD /* SBJsonUTF8Stream.h */,
				070A887713FD46DF00530FBD /* SBJsonUTF8Stream.m */,
				070A887813FD46DF00530FBD /* SBJsonWriter.h */,
				070A887913FD46DF00530FBD /* SBJsonWriter.m */,
			);
			name = "json-framework";
			path = "CamLingual/json-framework";
			sourceTree = SOURCE_ROOT;
		};
		070A889413FD480B00530FBD /* NSMutableDictionary+ImageMetadata */ = {
			isa = PBXGroup;
			children = (
				070A889513FD480B00530FBD /* NSMutableDictionary+ImageMetadata.h */,
				070A889613FD480B00530FBD /* NSMutableDictionary+ImageMetadata.m */,
			);
			path = "NSMutableDictionary+ImageMetadata";
			sourceTree = "<group>";
		};
		070A889813FD482300530FBD /* NSData+Base64 */ = {
			isa = PBXGroup;
			children = (
				070A889913FD482300530FBD /* NSData+Base64.h */,
				070A889A13FD482300530FBD /* NSData+Base64.m */,
			);
			path = "NSData+Base64";
			sourceTree = "<group>";
		};
		070A88A113FD488C00530FBD /* NSString+HTML */ = {
			isa = PBXGroup;
			children = (
				070A88A213FD488C00530FBD /* GTMDefines.h */,
				070A88A313FD488C00530FBD /* GTMNSString+HTML.h */,
				070A88A413FD488C00530FBD /* GTMNSString+HTML.m */,
				070A88A513FD488C00530FBD /* NSString+HTML.h */,
				070A88A613FD488C00530FBD /* NSString+HTML.m */,
			);
			path = "NSString+HTML";
			sourceTree = "<group>";
		};
		0785F04113F52E8B0061368A /* KissXML */ = {
			isa = PBXGroup;
			children = (
				0785F04213F52E8B0061368A /* Additions */,
				0785F04513F52E8B0061368A /* Categories */,
				0785F04E13F52E8B0061368A /* DDXML.h */,
				0785F04F13F52E8B0061368A /* DDXMLDocument.h */,
				0785F05013F52E8B0061368A /* DDXMLDocument.m */,
				0785F05113F52E8B0061368A /* DDXMLElement.h */,
				0785F05213F52E8B0061368A /* DDXMLElement.m */,
				0785F05313F52E8B0061368A /* DDXMLNode.h */,
				0785F05413F52E8B0061368A /* DDXMLNode.m */,
				0785F05513F52E8B0061368A /* Private */,
			);
			path = KissXML;
			sourceTree = "<group>";
		};
		0785F04213F52E8B0061368A /* Additions */ = {
			isa = PBXGroup;
			children = (
				0785F04313F52E8B0061368A /* DDXMLElementAdditions.h */,
				0785F04413F52E8B0061368A /* DDXMLElementAdditions.m */,
			);
			path = Additions;
			sourceTree = "<group>";
		};
		0785F04513F52E8B0061368A /* Categories */ = {
			isa = PBXGroup;
			children = (
				0785F04613F52E8B0061368A /* DDXML+HTML.h */,
				0785F04713F52E8B0061368A /* DDXMLDocument+HTML.h */,
				0785F04813F52E8B0061368A /* DDXMLDocument+HTML.m */,
				0785F04913F52E8B0061368A /* DDXMLNode+HTML.h */,
				0785F04A13F52E8B0061368A /* DDXMLNode+HTML.m */,
				0785F04B13F52E8B0061368A /* NSString+DDXML.h */,
				0785F04C13F52E8B0061368A /* NSString+DDXML.m */,
				0785F04D13F52E8B0061368A /* README.markdown */,
			);
			path = Categories;
			sourceTree = "<group>";
		};
		0785F05513F52E8B0061368A /* Private */ = {
			isa = PBXGroup;
			children = (
				0785F05613F52E8B0061368A /* DDXMLPrivate.h */,
			);
			path = Private;
			sourceTree = "<group>";
		};
		07D2A87013F3E79700A5E60D = {
			isa = PBXGroup;
			children = (
				07CFE83C142A1BCE005354F7 /* README.txt */,
				07E22EE61427D48500CFF835 /* Icon-Small-50.png */,
				07E22EE71427D48500CFF835 /* Icon-Small.png */,
				07E22EE81427D48500CFF835 /* Icon-Small@2x.png */,
				074E06C6142730130046255D /* Icon-72.png */,
				074E06C41427300B0046255D /* Icon@2x.png */,
				074E06C2142730040046255D /* Icon.png */,
				07D2A88513F3E79700A5E60D /* CamLingual */,
				07D2A8A713F3E79700A5E60D /* CamLingualTests */,
				07D2A87E13F3E79700A5E60D /* Frameworks */,
				07D2A87C13F3E79700A5E60D /* Products */,
			);
			sourceTree = "<group>";
		};
		07D2A87C13F3E79700A5E60D /* Products */ = {
			isa = PBXGroup;
			children = (
				07D2A87B13F3E79700A5E60D /* CamLingual.app */,
				07D2A89F13F3E79700A5E60D /* CamLingualTests.octest */,
			);
			name = Products;
			sourceTree = "<group>";
		};
		07D2A87E13F3E79700A5E60D /* Frameworks */ = {
			isa = PBXGroup;
			children = (
				075EB1FC14609774002E199A /* StoreKit.framework */,
				0758DA2013FD3DBC00588D77 /* CoreMedia.framework */,
				0758DA1E13FD3D9300588D77 /* ImageIO.framework */,
				0758DA1C13FD3B8400588D77 /* CoreLocation.framework */,
				0785F06013F532D30061368A /* libxml2.dylib */,
				076F589213FD0834004C3704 /* AssetsLibrary.framework */,
				07D2A87F13F3E79700A5E60D /* UIKit.framework */,
				07D2A88113F3E79700A5E60D /* Foundation.framework */,
				07D2A88313F3E79700A5E60D /* CoreGraphics.framework */,
				07D2A8A013F3E79700A5E60D /* SenTestingKit.framework */,
			);
			name = Frameworks;
			sourceTree = "<group>";
		};
		07D2A88513F3E79700A5E60D /* CamLingual */ = {
			isa = PBXGroup;
			children = (
				070A88A113FD488C00530FBD /* NSString+HTML */,
				070A889813FD482300530FBD /* NSData+Base64 */,
				070A889413FD480B00530FBD /* NSMutableDictionary+ImageMetadata */,
				070A886213FD46DF00530FBD /* json-framework */,
				0785F04113F52E8B0061368A /* KissXML */,
				07D2A8B913F3E7B500A5E60D /* iPad */,
				07D2A88613F3E79700A5E60D /* Supporting Files */,
				07D2A88E13F3E79700A5E60D /* CamLingualAppDelegate.h */,
				07D2A88F13F3E79700A5E60D /* CamLingualAppDelegate.m */,
				07D2A89113F3E79700A5E60D /* MainWindow.xib */,
				07D2A89413F3E79700A5E60D /* CamLingualViewController.h */,
				07D2A89513F3E79700A5E60D /* CamLingualViewController.m */,
				07D2A89713F3E79700A5E60D /* CamLingualViewController.xib */,
				07D2A8C113F40C0800A5E60D /* OCRWebService.h */,
				07D2A8C213F40C0800A5E60D /* OCRWebService.m */,
				07D2A8C413F40D5100A5E60D /* OCRWebServiceAvailablePages-request-template.xml */,
				07D2A8C613F40E2B00A5E60D /* OCRWebServiceRecognize-request-template.xml */,
				07E5C4A913F9513C008F23FB /* GoogleTranslateAPI.h */,
				07E5C4AA13F9513C008F23FB /* GoogleTranslateAPI.m */,
				07CED3DF13FBE07D00123A32 /* GoogleTranslateAPILang.map */,
				070A888A13FD478500530FBD /* OCRTextViewController.h */,
				070A888B13FD478500530FBD /* OCRTextViewController.m */,
				070A888C13FD478500530FBD /* OCRTextViewController.xib */,
				07D1E80D13FF093800903DE7 /* ImagePickerCropController.h */,
				07D1E80E13FF093800903DE7 /* ImagePickerCropController.m */,
				07D1E80F13FF093800903DE7 /* ImagePickerCropController.xib */,
				07D1E86614028D6B00903DE7 /* ImageCropView.h */,
				07D1E86714028D6B00903DE7 /* ImageCropView.m */,
				07D1E86914028DB000903DE7 /* ImageCropViewController.h */,
				07D1E86A14028DB000903DE7 /* ImageCropViewController.m */,
				07D1E86B14028DB000903DE7 /* ImageCropViewController.xib */,
				0782B3F41403CAAA006297BC /* CameraToolbarController.h */,
				0782B3F51403CAAA006297BC /* CameraToolbarController.m */,
				0782B3F61403CAAA006297BC /* CameraToolbarController.xib */,
				07470EEF141F335900D27427 /* LanguageSelectController.h */,
				07470EF0141F335900D27427 /* LanguageSelectController.m */,
				07470EF1141F335900D27427 /* LanguageSelectController.xib */,
				070AF6E2143DED030055C512 /* Langcodes.h */,
				070AF6E3143DED030055C512 /* Langcodes.m */,
				075EB1F4145FF4D4002E199A /* TicketManager.h */,
				075EB1F5145FF4D4002E199A /* TicketManager.m */,
				079A0AFF143DF76600EF86CE /* ISO-639-2_utf-8.txt */,
				078A6B801420F0C100EEE773 /* Settings.bundle */,
			);
			path = CamLingual;
			sourceTree = "<group>";
		};
		07D2A88613F3E79700A5E60D /* Supporting Files */ = {
			isa = PBXGroup;
			children = (
				07D2A88713F3E79700A5E60D /* CamLingual-Info.plist */,
				07D2A88813F3E79700A5E60D /* InfoPlist.strings */,
				07D2A88B13F3E79700A5E60D /* main.m */,
				07D2A88D13F3E79700A5E60D /* CamLingual-Prefix.pch */,
			);
			name = "Supporting Files";
			sourceTree = "<group>";
		};
		07D2A8A713F3E79700A5E60D /* CamLingualTests */ = {
			isa = PBXGroup;
			children = (
				07D2A8AD13F3E79700A5E60D /* CamLingualTests.h */,
				07D2A8AF13F3E79700A5E60D /* CamLingualTests.m */,
				07D2A8A813F3E79700A5E60D /* Supporting Files */,
			);
			path = CamLingualTests;
			sourceTree = "<group>";
		};
		07D2A8A813F3E79700A5E60D /* Supporting Files */ = {
			isa = PBXGroup;
			children = (
				07D2A8A913F3E79700A5E60D /* CamLingualTests-Info.plist */,
				07D2A8AA13F3E79700A5E60D /* InfoPlist.strings */,
			);
			name = "Supporting Files";
			sourceTree = "<group>";
		};
		07D2A8B913F3E7B500A5E60D /* iPad */ = {
			isa = PBXGroup;
			children = (
				07D2A8BA13F3E7B700A5E60D /* MainWindow-iPad.xib */,
			);
			name = iPad;
			sourceTree = "<group>";
		};
/* End PBXGroup section */

/* Begin PBXNativeTarget section */
		07D2A87A13F3E79700A5E60D /* CamLingual */ = {
			isa = PBXNativeTarget;
			buildConfigurationList = 07D2A8B313F3E79700A5E60D /* Build configuration list for PBXNativeTarget "CamLingual" */;
			buildPhases = (
				078A6B821420F45300EEE773 /* ShellScript */,
				07D2A87713F3E79700A5E60D /* Sources */,
				07D2A87813F3E79700A5E60D /* Frameworks */,
				07D2A87913F3E79700A5E60D /* Resources */,
			);
			buildRules = (
			);
			dependencies = (
			);
			name = CamLingual;
			productName = CamLingual;
			productReference = 07D2A87B13F3E79700A5E60D /* CamLingual.app */;
			productType = "com.apple.product-type.application";
		};
		07D2A89E13F3E79700A5E60D /* CamLingualTests */ = {
			isa = PBXNativeTarget;
			buildConfigurationList = 07D2A8B613F3E79700A5E60D /* Build configuration list for PBXNativeTarget "CamLingualTests" */;
			buildPhases = (
				07D2A89A13F3E79700A5E60D /* Sources */,
				07D2A89B13F3E79700A5E60D /* Frameworks */,
				07D2A89C13F3E79700A5E60D /* Resources */,
				07D2A89D13F3E79700A5E60D /* ShellScript */,
			);
			buildRules = (
			);
			dependencies = (
				07D2A8A613F3E79700A5E60D /* PBXTargetDependency */,
			);
			name = CamLingualTests;
			productName = CamLingualTests;
			productReference = 07D2A89F13F3E79700A5E60D /* CamLingualTests.octest */;
			productType = "com.apple.product-type.bundle";
		};
/* End PBXNativeTarget section */

/* Begin PBXProject section */
		07D2A87213F3E79700A5E60D /* Project object */ = {
			isa = PBXProject;
			attributes = {
				LastUpgradeCheck = 0420;
			};
			buildConfigurationList = 07D2A87513F3E79700A5E60D /* Build configuration list for PBXProject "CamLingual" */;
			compatibilityVersion = "Xcode 3.2";
			developmentRegion = English;
			hasScannedForEncodings = 0;
			knownRegions = (
				en,
			);
			mainGroup = 07D2A87013F3E79700A5E60D;
			productRefGroup = 07D2A87C13F3E79700A5E60D /* Products */;
			projectDirPath = "";
			projectRoot = "";
			targets = (
				07D2A87A13F3E79700A5E60D /* CamLingual */,
				07D2A89E13F3E79700A5E60D /* CamLingualTests */,
			);
		};
/* End PBXProject section */

/* Begin PBXResourcesBuildPhase section */
		07D2A87913F3E79700A5E60D /* Resources */ = {
			isa = PBXResourcesBuildPhase;
			buildActionMask = 2147483647;
			files = (
				07D2A88A13F3E79700A5E60D /* InfoPlist.strings in Resources */,
				07D2A89313F3E79700A5E60D /* MainWindow.xib in Resources */,
				07D2A89913F3E79700A5E60D /* CamLingualViewController.xib in Resources */,
				07D2A8BC13F3E7B700A5E60D /* MainWindow-iPad.xib in Resources */,
				07D2A8C513F40D5100A5E60D /* OCRWebServiceAvailablePages-request-template.xml in Resources */,
				07D2A8C713F40E2B00A5E60D /* OCRWebServiceRecognize-request-template.xml in Resources */,
				0785F05B13F52E8B0061368A /* README.markdown in Resources */,
				07CED3E013FBE07D00123A32 /* GoogleTranslateAPILang.map in Resources */,
				070A888E13FD478500530FBD /* OCRTextViewController.xib in Resources */,
				07D1E81113FF093800903DE7 /* ImagePickerCropController.xib in Resources */,
				07D1E86D14028DB000903DE7 /* ImageCropViewController.xib in Resources */,
				0782B3F81403CAAA006297BC /* CameraToolbarController.xib in Resources */,
				07470EF3141F335900D27427 /* LanguageSelectController.xib in Resources */,
				078A6B811420F0C100EEE773 /* Settings.bundle in Resources */,
				074E06C3142730040046255D /* Icon.png in Resources */,
				074E06C51427300B0046255D /* Icon@2x.png in Resources */,
				074E06C7142730130046255D /* Icon-72.png in Resources */,
				07E22EE91427D48500CFF835 /* Icon-Small-50.png in Resources */,
				07E22EEA1427D48500CFF835 /* Icon-Small.png in Resources */,
				07E22EEB1427D48500CFF835 /* Icon-Small@2x.png in Resources */,
				07CFE83D142A1BCE005354F7 /* README.txt in Resources */,
				079A0B00143DF76600EF86CE /* ISO-639-2_utf-8.txt in Resources */,
			);
			runOnlyForDeploymentPostprocessing = 0;
		};
		07D2A89C13F3E79700A5E60D /* Resources */ = {
			isa = PBXResourcesBuildPhase;
			buildActionMask = 2147483647;
			files = (
				07D2A8AC13F3E79700A5E60D /* InfoPlist.strings in Resources */,
				07D2A8AE13F3E79700A5E60D /* CamLingualTests.h in Resources */,
			);
			runOnlyForDeploymentPostprocessing = 0;
		};
/* End PBXResourcesBuildPhase section */

/* Begin PBXShellScriptBuildPhase section */
		078A6B821420F45300EEE773 /* ShellScript */ = {
			isa = PBXShellScriptBuildPhase;
			buildActionMask = 2147483647;
			files = (
			);
			inputPaths = (
			);
			outputPaths = (
			);
			runOnlyForDeploymentPostprocessing = 0;
			shellPath = /bin/sh;
			shellScript = "VERSION=`/usr/libexec/PlistBuddy -c 'Print :CFBundleShortVersionString' CamLingual/CamLingual-Info.plist`\n/usr/libexec/PlistBuddy -c \"Set :PreferenceSpecifiers:0:DefaultValue $VERSION\" CamLingual/Settings.bundle/Root.plist";
		};
		07D2A89D13F3E79700A5E60D /* ShellScript */ = {
			isa = PBXShellScriptBuildPhase;
			buildActionMask = 2147483647;
			files = (
			);
			inputPaths = (
			);
			outputPaths = (
			);
			runOnlyForDeploymentPostprocessing = 0;
			shellPath = /bin/sh;
			shellScript = "# Run the unit tests in this test bundle.\n\"${SYSTEM_DEVELOPER_DIR}/Tools/RunUnitTests\"\n";
		};
/* End PBXShellScriptBuildPhase section */

/* Begin PBXSourcesBuildPhase section */
		07D2A87713F3E79700A5E60D /* Sources */ = {
			isa = PBXSourcesBuildPhase;
			buildActionMask = 2147483647;
			files = (
				07D2A88C13F3E79700A5E60D /* main.m in Sources */,
				07D2A89013F3E79700A5E60D /* CamLingualAppDelegate.m in Sources */,
				07D2A89613F3E79700A5E60D /* CamLingualViewController.m in Sources */,
				07D2A8C313F40C0800A5E60D /* OCRWebService.m in Sources */,
				0785F05713F52E8B0061368A /* DDXMLElementAdditions.m in Sources */,
				0785F05813F52E8B0061368A /* DDXMLDocument+HTML.m in Sources */,
				0785F05913F52E8B0061368A /* DDXMLNode+HTML.m in Sources */,
				0785F05A13F52E8B0061368A /* NSString+DDXML.m in Sources */,
				0785F05C13F52E8B0061368A /* DDXMLDocument.m in Sources */,
				0785F05D13F52E8B0061368A /* DDXMLElement.m in Sources */,
				0785F05E13F52E8B0061368A /* DDXMLNode.m in Sources */,
				07E5C4AB13F9513C008F23FB /* GoogleTranslateAPI.m in Sources */,
				070A887A13FD46DF00530FBD /* NSObject+SBJson.m in Sources */,
				070A887B13FD46DF00530FBD /* SBJsonParser.m in Sources */,
				070A887C13FD46DF00530FBD /* SBJsonStreamParser.m in Sources */,
				070A887D13FD46DF00530FBD /* SBJsonStreamParserAccumulator.m in Sources */,
				070A887E13FD46DF00530FBD /* SBJsonStreamParserState.m in Sources */,
				070A887F13FD46DF00530FBD /* SBJsonStreamWriter.m in Sources */,
				070A888013FD46DF00530FBD /* SBJsonStreamWriterAccumulator.m in Sources */,
				070A888113FD46DF00530FBD /* SBJsonStreamWriterState.m in Sources */,
				070A888213FD46DF00530FBD /* SBJsonTokeniser.m in Sources */,
				070A888313FD46DF00530FBD /* SBJsonUTF8Stream.m in Sources */,
				070A888413FD46DF00530FBD /* SBJsonWriter.m in Sources */,
				070A888D13FD478500530FBD /* OCRTextViewController.m in Sources */,
				070A889713FD480B00530FBD /* NSMutableDictionary+ImageMetadata.m in Sources */,
				070A889B13FD482300530FBD /* NSData+Base64.m in Sources */,
				070A88A713FD488C00530FBD /* GTMNSString+HTML.m in Sources */,
				070A88A813FD488C00530FBD /* NSString+HTML.m in Sources */,
				07D1E81013FF093800903DE7 /* ImagePickerCropController.m in Sources */,
				07D1E86814028D6B00903DE7 /* ImageCropView.m in Sources */,
				07D1E86C14028DB000903DE7 /* ImageCropViewController.m in Sources */,
				0782B3F71403CAAA006297BC /* CameraToolbarController.m in Sources */,
				07470EF2141F335900D27427 /* LanguageSelectController.m in Sources */,
				070AF6E4143DED030055C512 /* Langcodes.m in Sources */,
				075EB1F6145FF4D4002E199A /* TicketManager.m in Sources */,
			);
			runOnlyForDeploymentPostprocessing = 0;
		};
		07D2A89A13F3E79700A5E60D /* Sources */ = {
			isa = PBXSourcesBuildPhase;
			buildActionMask = 2147483647;
			files = (
				07D2A8B013F3E79700A5E60D /* CamLingualTests.m in Sources */,
			);
			runOnlyForDeploymentPostprocessing = 0;
		};
/* End PBXSourcesBuildPhase section */

/* Begin PBXTargetDependency section */
		07D2A8A613F3E79700A5E60D /* PBXTargetDependency */ = {
			isa = PBXTargetDependency;
			target = 07D2A87A13F3E79700A5E60D /* CamLingual */;
			targetProxy = 07D2A8A513F3E79700A5E60D /* PBXContainerItemProxy */;
		};
/* End PBXTargetDependency section */

/* Begin PBXVariantGroup section */
		07D2A88813F3E79700A5E60D /* InfoPlist.strings */ = {
			isa = PBXVariantGroup;
			children = (
				07D2A88913F3E79700A5E60D /* en */,
			);
			name = InfoPlist.strings;
			sourceTree = "<group>";
		};
		07D2A89113F3E79700A5E60D /* MainWindow.xib */ = {
			isa = PBXVariantGroup;
			children = (
				07D2A89213F3E79700A5E60D /* en */,
			);
			name = MainWindow.xib;
			sourceTree = "<group>";
		};
		07D2A89713F3E79700A5E60D /* CamLingualViewController.xib */ = {
			isa = PBXVariantGroup;
			children = (
				07D2A89813F3E79700A5E60D /* en */,
			);
			name = CamLingualViewController.xib;
			sourceTree = "<group>";
		};
		07D2A8AA13F3E79700A5E60D /* InfoPlist.strings */ = {
			isa = PBXVariantGroup;
			children = (
				07D2A8AB13F3E79700A5E60D /* en */,
			);
			name = InfoPlist.strings;
			sourceTree = "<group>";
		};
		07D2A8BA13F3E7B700A5E60D /* MainWindow-iPad.xib */ = {
			isa = PBXVariantGroup;
			children = (
				07D2A8BB13F3E7B700A5E60D /* en */,
			);
			name = "MainWindow-iPad.xib";
			sourceTree = "<group>";
		};
/* End PBXVariantGroup section */

/* Begin XCBuildConfiguration section */
		071A0946142385D800E7BE90 /* Distribution */ = {
			isa = XCBuildConfiguration;
			buildSettings = {
				ALWAYS_SEARCH_USER_PATHS = NO;
				ARCHS = "$(ARCHS_STANDARD_32_BIT)";
				CODE_SIGN_IDENTITY = "iPhone Distribution: Tsuneo Yoshioka";
				"CODE_SIGN_IDENTITY[sdk=iphoneos*]" = "iPhone Developer";
				COPY_PHASE_STRIP = NO;
				GCC_C_LANGUAGE_STANDARD = gnu99;
				GCC_VERSION = com.apple.compilers.llvmgcc42;
				GCC_WARN_ABOUT_MISSING_PROTOTYPES = YES;
				GCC_WARN_ABOUT_RETURN_TYPE = YES;
				GCC_WARN_UNUSED_VARIABLE = YES;
				IPHONEOS_DEPLOYMENT_TARGET = 4.2;
				OTHER_CFLAGS = "-DNS_BLOCK_ASSERTIONS=1";
				PROVISIONING_PROFILE = "100EBAD1-8A33-440F-9A14-ECFC04A47366";
				SDKROOT = iphoneos;
				VALIDATE_PRODUCT = YES;
			};
			name = Distribution;
		};
		071A0947142385D800E7BE90 /* Distribution */ = {
			isa = XCBuildConfiguration;
			buildSettings = {
				CODE_SIGN_IDENTITY = "iPhone Distribution: Tsuneo Yoshioka";
				GCC_PRECOMPILE_PREFIX_HEADER = YES;
				GCC_PREFIX_HEADER = "CamLingual/CamLingual-Prefix.pch";
				GCC_VERSION = com.apple.compilers.llvm.clang.1_0;
				HEADER_SEARCH_PATHS = /usr/include/libxml2;
				INFOPLIST_FILE = "CamLingual/CamLingual-Info.plist";
				IPHONEOS_DEPLOYMENT_TARGET = 4.2;
				PRODUCT_NAME = "$(TARGET_NAME)";
				PROVISIONING_PROFILE = "100EBAD1-8A33-440F-9A14-ECFC04A47366";
				TARGETED_DEVICE_FAMILY = "1,2";
				WRAPPER_EXTENSION = app;
			};
			name = Distribution;
		};
		071A0948142385D800E7BE90 /* Distribution */ = {
			isa = XCBuildConfiguration;
			buildSettings = {
				BUNDLE_LOADER = "$(BUILT_PRODUCTS_DIR)/CamLingual.app/CamLingual";
				FRAMEWORK_SEARCH_PATHS = (
					"$(SDKROOT)/Developer/Library/Frameworks",
					"$(DEVELOPER_LIBRARY_DIR)/Frameworks",
				);
				GCC_PRECOMPILE_PREFIX_HEADER = YES;
				GCC_PREFIX_HEADER = "CamLingual/CamLingual-Prefix.pch";
				GCC_VERSION = com.apple.compilers.llvm.clang.1_0;
				INFOPLIST_FILE = "CamLingualTests/CamLingualTests-Info.plist";
				PRODUCT_NAME = "$(TARGET_NAME)";
				TEST_HOST = "$(BUNDLE_LOADER)";
				WRAPPER_EXTENSION = octest;
			};
			name = Distribution;
		};
		07D2A8B113F3E79700A5E60D /* Debug */ = {
			isa = XCBuildConfiguration;
			buildSettings = {
				ALWAYS_SEARCH_USER_PATHS = NO;
				ARCHS = "$(ARCHS_STANDARD_32_BIT)";
				CODE_SIGN_IDENTITY = "iPhone Developer: Tsuneo Yoshioka (P6H7E7L8C8)";
				"CODE_SIGN_IDENTITY[sdk=iphoneos*]" = "iPhone Developer";
				COPY_PHASE_STRIP = NO;
				GCC_C_LANGUAGE_STANDARD = gnu99;
				GCC_DYNAMIC_NO_PIC = NO;
				GCC_OPTIMIZATION_LEVEL = 0;
				GCC_PREPROCESSOR_DEFINITIONS = (
					"DEBUG=1",
					"$(inherited)",
				);
				GCC_SYMBOLS_PRIVATE_EXTERN = NO;
				GCC_VERSION = com.apple.compilers.llvmgcc42;
				GCC_WARN_ABOUT_MISSING_PROTOTYPES = YES;
				GCC_WARN_ABOUT_RETURN_TYPE = YES;
				GCC_WARN_UNUSED_VARIABLE = YES;
				IPHONEOS_DEPLOYMENT_TARGET = 4.2;
				PROVISIONING_PROFILE = "6B57D49D-CAA2-4DD8-A797-8A6624079297";
				SDKROOT = iphoneos;
			};
			name = Debug;
		};
		07D2A8B213F3E79700A5E60D /* Release */ = {
			isa = XCBuildConfiguration;
			buildSettings = {
				ALWAYS_SEARCH_USER_PATHS = NO;
				ARCHS = "$(ARCHS_STANDARD_32_BIT)";
				"CODE_SIGN_IDENTITY[sdk=iphoneos*]" = "iPhone Developer";
				COPY_PHASE_STRIP = NO;
				GCC_C_LANGUAGE_STANDARD = gnu99;
				GCC_VERSION = com.apple.compilers.llvmgcc42;
				GCC_WARN_ABOUT_MISSING_PROTOTYPES = YES;
				GCC_WARN_ABOUT_RETURN_TYPE = YES;
				GCC_WARN_UNUSED_VARIABLE = YES;
				IPHONEOS_DEPLOYMENT_TARGET = 4.2;
				OTHER_CFLAGS = "-DNS_BLOCK_ASSERTIONS=1";
				SDKROOT = iphoneos;
				VALIDATE_PRODUCT = YES;
			};
			name = Release;
		};
		07D2A8B413F3E79700A5E60D /* Debug */ = {
			isa = XCBuildConfiguration;
			buildSettings = {
				CODE_SIGN_IDENTITY = "iPhone Developer";
				GCC_PRECOMPILE_PREFIX_HEADER = YES;
				GCC_PREFIX_HEADER = "CamLingual/CamLingual-Prefix.pch";
				GCC_VERSION = com.apple.compilers.llvm.clang.1_0;
				HEADER_SEARCH_PATHS = /usr/include/libxml2;
				INFOPLIST_FILE = "CamLingual/CamLingual-Info.plist";
				IPHONEOS_DEPLOYMENT_TARGET = 4.2;
				PRODUCT_NAME = "$(TARGET_NAME)";
				PROVISIONING_PROFILE = "";
				TARGETED_DEVICE_FAMILY = "1,2";
				WRAPPER_EXTENSION = app;
			};
			name = Debug;
		};
		07D2A8B513F3E79700A5E60D /* Release */ = {
			isa = XCBuildConfiguration;
			buildSettings = {
				CODE_SIGN_IDENTITY = "iPhone Developer";
				GCC_PRECOMPILE_PREFIX_HEADER = YES;
				GCC_PREFIX_HEADER = "CamLingual/CamLingual-Prefix.pch";
				GCC_VERSION = com.apple.compilers.llvm.clang.1_0;
				HEADER_SEARCH_PATHS = /usr/include/libxml2;
				INFOPLIST_FILE = "CamLingual/CamLingual-Info.plist";
				IPHONEOS_DEPLOYMENT_TARGET = 4.2;
				PRODUCT_NAME = "$(TARGET_NAME)";
				PROVISIONING_PROFILE = "";
				TARGETED_DEVICE_FAMILY = "1,2";
				WRAPPER_EXTENSION = app;
			};
			name = Release;
		};
		07D2A8B713F3E79700A5E60D /* Debug */ = {
			isa = XCBuildConfiguration;
			buildSettings = {
				BUNDLE_LOADER = "$(BUILT_PRODUCTS_DIR)/CamLingual.app/CamLingual";
				FRAMEWORK_SEARCH_PATHS = (
					"$(SDKROOT)/Developer/Library/Frameworks",
					"$(DEVELOPER_LIBRARY_DIR)/Frameworks",
				);
				GCC_PRECOMPILE_PREFIX_HEADER = YES;
				GCC_PREFIX_HEADER = "CamLingual/CamLingual-Prefix.pch";
				GCC_VERSION = com.apple.compilers.llvm.clang.1_0;
				INFOPLIST_FILE = "CamLingualTests/CamLingualTests-Info.plist";
				PRODUCT_NAME = "$(TARGET_NAME)";
				TEST_HOST = "$(BUNDLE_LOADER)";
				WRAPPER_EXTENSION = octest;
			};
			name = Debug;
		};
		07D2A8B813F3E79700A5E60D /* Release */ = {
			isa = XCBuildConfiguration;
			buildSettings = {
				BUNDLE_LOADER = "$(BUILT_PRODUCTS_DIR)/CamLingual.app/CamLingual";
				FRAMEWORK_SEARCH_PATHS = (
					"$(SDKROOT)/Developer/Library/Frameworks",
					"$(DEVELOPER_LIBRARY_DIR)/Frameworks",
				);
				GCC_PRECOMPILE_PREFIX_HEADER = YES;
				GCC_PREFIX_HEADER = "CamLingual/CamLingual-Prefix.pch";
				GCC_VERSION = com.apple.compilers.llvm.clang.1_0;
				INFOPLIST_FILE = "CamLingualTests/CamLingualTests-Info.plist";
				PRODUCT_NAME = "$(TARGET_NAME)";
				TEST_HOST = "$(BUNDLE_LOADER)";
				WRAPPER_EXTENSION = octest;
			};
			name = Release;
		};
/* End XCBuildConfiguration section */

/* Begin XCConfigurationList section */
		07D2A87513F3E79700A5E60D /* Build configuration list for PBXProject "CamLingual" */ = {
			isa = XCConfigurationList;
			buildConfigurations = (
				07D2A8B113F3E79700A5E60D /* Debug */,
				07D2A8B213F3E79700A5E60D /* Release */,
				071A0946142385D800E7BE90 /* Distribution */,
			);
			defaultConfigurationIsVisible = 0;
			defaultConfigurationName = Release;
		};
		07D2A8B313F3E79700A5E60D /* Build configuration list for PBXNativeTarget "CamLingual" */ = {
			isa = XCConfigurationList;
			buildConfigurations = (
				07D2A8B413F3E79700A5E60D /* Debug */,
				07D2A8B513F3E79700A5E60D /* Release */,
				071A0947142385D800E7BE90 /* Distribution */,
			);
			defaultConfigurationIsVisible = 0;
			defaultConfigurationName = Release;
		};
		07D2A8B613F3E79700A5E60D /* Build configuration list for PBXNativeTarget "CamLingualTests" */ = {
			isa = XCConfigurationList;
			buildConfigurations = (
				07D2A8B713F3E79700A5E60D /* Debug */,
				07D2A8B813F3E79700A5E60D /* Release */,
				071A0948142385D800E7BE90 /* Distribution */,
			);
			defaultConfigurationIsVisible = 0;
			defaultConfigurationName = Release;
		};
/* End XCConfigurationList section */
	};
	rootObject = 07D2A87213F3E79700A5E60D /* Project object */;
}
